
Microsoft Visual Studio Solution File, Format Version 12.00
# Visual Studio Version 16
VisualStudioVersion = 16.0.31624.102
MinimumVisualStudioVersion = 10.0.40219.1
Project("{8BC9CEB8-8B4A-11D0-8D11-00A0C91BC942}") = "C", "C\C.vcxproj", "{D181A582-CB51-41B7-9898-89E8F336BA6E}"
EndProject
Global
	GlobalSection(SolutionConfigurationPlatforms) = preSolution
		Debug|x64 = Debug|x64
		Debug|x86 = Debug|x86
		Release|x64 = Release|x64
		Release|x86 = Release|x86
	EndGlobalSection
	GlobalSection(ProjectConfigurationPlatforms) = postSolution
		{D181A582-CB51-41B7-9898-89E8F336BA6E}.Debug|x64.ActiveCfg = Debug|x64
		{D181A582-CB51-41B7-9898-89E8F336BA6E}.Debug|x64.Build.0 = Debug|x64
		{D181A582-CB51-41B7-9898-89E8F336BA6E}.Debug|x86.ActiveCfg = Debug|Win32
		{D181A582-CB51-41B7-9898-89E8F336BA6E}.Debug|x86.Build.0 = Debug|Win32
		{D181A582-CB51-41B7-9898-89E8F336BA6E}.Release|x64.ActiveCfg = Release|x64
		{D181A582-CB51-41B7-9898-89E8F336BA6E}.Release|x64.Build.0 = Release|x64
		{D181A582-CB51-41B7-9898-89E8F336BA6E}.Release|x86.ActiveCfg = Release|Win32
		{D181A582-CB51-41B7-9898-89E8F336BA6E}.Release|x86.Build.0 = Release|Win32
	EndGlobalSection
	GlobalSection(SolutionProperties) = preSolution
		HideSolutionNode = FALSE
	EndGlobalSection
	GlobalSection(ExtensibilityGlobals) = postSolution
		SolutionGuid = {88B144AA-B185-4815-8B87-77DA27A9D98A}
	EndGlobalSection
EndGlobal
